
Microsoft Visual Studio Solution File, Format Version 12.00
# Visual Studio Version 17
VisualStudioVersion = 17.2.32516.85
MinimumVisualStudioVersion = 10.0.40219.1
Project("{8BC9CEB8-8B4A-11D0-8D11-00A0C91BC942}") = "FluxUI", "FluxUI\FluxUI.vcxproj", "{C0A030DF-045F-40F8-979A-B1A5FD9C65CE}"
	ProjectSection(ProjectDependencies) = postProject
		{71248364-8CC2-4692-8F49-1676C15EA118} = {71248364-8CC2-4692-8F49-1676C15EA118}
	EndProjectSection
EndProject
Project("{8BC9CEB8-8B4A-11D0-8D11-00A0C91BC942}") = "FluxApp", "FluxApp\FluxApp.vcxproj", "{387E2362-509C-4D5A-BBBB-088E275767C8}"
	ProjectSection(ProjectDependencies) = postProject
		{0EB37AF7-0A8B-4E74-A7E2-7897552AA57F} = {0EB37AF7-0A8B-4E74-A7E2-7897552AA57F}
		{71248364-8CC2-4692-8F49-1676C15EA118} = {71248364-8CC2-4692-8F49-1676C15EA118}
		{C0A030DF-045F-40F8-979A-B1A5FD9C65CE} = {C0A030DF-045F-40F8-979A-B1A5FD9C65CE}
	EndProjectSection
EndProject
Project("{8BC9CEB8-8B4A-11D0-8D11-00A0C91BC942}") = "FluxCore", "FluxCore\FluxCore.vcxproj", "{71248364-8CC2-4692-8F49-1676C15EA118}"
EndProject
Project("{8BC9CEB8-8B4A-11D0-8D11-00A0C91BC942}") = "FluxAudio", "FluxAudio\FluxAudio.vcxproj", "{0EB37AF7-0A8B-4E74-A7E2-7897552AA57F}"
	ProjectSection(ProjectDependencies) = postProject
		{71248364-8CC2-4692-8F49-1676C15EA118} = {71248364-8CC2-4692-8F49-1676C15EA118}
	EndProjectSection
EndProject
Global
	GlobalSection(SolutionConfigurationPlatforms) = preSolution
		Debug|x64 = Debug|x64
		Debug|x86 = Debug|x86
		Release|x64 = Release|x64
		Release|x86 = Release|x86
	EndGlobalSection
	GlobalSection(ProjectConfigurationPlatforms) = postSolution
		{C0A030DF-045F-40F8-979A-B1A5FD9C65CE}.Debug|x64.ActiveCfg = Debug|x64
		{C0A030DF-045F-40F8-979A-B1A5FD9C65CE}.Debug|x64.Build.0 = Debug|x64
		{C0A030DF-045F-40F8-979A-B1A5FD9C65CE}.Debug|x86.ActiveCfg = Debug|Win32
		{C0A030DF-045F-40F8-979A-B1A5FD9C65CE}.Debug|x86.Build.0 = Debug|Win32
		{C0A030DF-045F-40F8-979A-B1A5FD9C65CE}.Release|x64.ActiveCfg = Release|x64
		{C0A030DF-045F-40F8-979A-B1A5FD9C65CE}.Release|x64.Build.0 = Release|x64
		{C0A030DF-045F-40F8-979A-B1A5FD9C65CE}.Release|x86.ActiveCfg = Release|Win32
		{C0A030DF-045F-40F8-979A-B1A5FD9C65CE}.Release|x86.Build.0 = Release|Win32
		{387E2362-509C-4D5A-BBBB-088E275767C8}.Debug|x64.ActiveCfg = Debug|x64
		{387E2362-509C-4D5A-BBBB-088E275767C8}.Debug|x64.Build.0 = Debug|x64
		{387E2362-509C-4D5A-BBBB-088E275767C8}.Debug|x86.ActiveCfg = Debug|Win32
		{387E2362-509C-4D5A-BBBB-088E275767C8}.Debug|x86.Build.0 = Debug|Win32
		{387E2362-509C-4D5A-BBBB-088E275767C8}.Release|x64.ActiveCfg = Release|x64
		{387E2362-509C-4D5A-BBBB-088E275767C8}.Release|x64.Build.0 = Release|x64
		{387E2362-509C-4D5A-BBBB-088E275767C8}.Release|x86.ActiveCfg = Release|Win32
		{387E2362-509C-4D5A-BBBB-088E275767C8}.Release|x86.Build.0 = Release|Win32
		{71248364-8CC2-4692-8F49-1676C15EA118}.Debug|x64.ActiveCfg = Debug|x64
		{71248364-8CC2-4692-8F49-1676C15EA118}.Debug|x64.Build.0 = Debug|x64
		{71248364-8CC2-4692-8F49-1676C15EA118}.Debug|x86.ActiveCfg = Debug|Win32
		{71248364-8CC2-4692-8F49-1676C15EA118}.Debug|x86.Build.0 = Debug|Win32
		{71248364-8CC2-4692-8F49-1676C15EA118}.Release|x64.ActiveCfg = Release|x64
		{71248364-8CC2-4692-8F49-1676C15EA118}.Release|x64.Build.0 = Release|x64
		{71248364-8CC2-4692-8F49-1676C15EA118}.Release|x86.ActiveCfg = Release|Win32
		{71248364-8CC2-4692-8F49-1676C15EA118}.Release|x86.Build.0 = Release|Win32
		{0EB37AF7-0A8B-4E74-A7E2-7897552AA57F}.Debug|x64.ActiveCfg = Debug|x64
		{0EB37AF7-0A8B-4E74-A7E2-7897552AA57F}.Debug|x64.Build.0 = Debug|x64
		{0EB37AF7-0A8B-4E74-A7E2-7897552AA57F}.Debug|x86.ActiveCfg = Debug|Win32
		{0EB37AF7-0A8B-4E74-A7E2-7897552AA57F}.Debug|x86.Build.0 = Debug|Win32
		{0EB37AF7-0A8B-4E74-A7E2-7897552AA57F}.Release|x64.ActiveCfg = Release|x64
		{0EB37AF7-0A8B-4E74-A7E2-7897552AA57F}.Release|x64.Build.0 = Release|x64
		{0EB37AF7-0A8B-4E74-A7E2-7897552AA57F}.Release|x86.ActiveCfg = Release|Win32
		{0EB37AF7-0A8B-4E74-A7E2-7897552AA57F}.Release|x86.Build.0 = Release|Win32
	EndGlobalSection
	GlobalSection(SolutionProperties) = preSolution
		HideSolutionNode = FALSE
	EndGlobalSection
	GlobalSection(ExtensibilityGlobals) = postSolution
		SolutionGuid = {87ED72F7-7D60-42F0-B055-C49798F9BB1B}
	EndGlobalSection
EndGlobal
