<?xml version="1.0" encoding="utf-8"?>
<Project ToolsVersion="4.0" xmlns="http://schemas.microsoft.com/developer/msbuild/2003">
  <ItemGroup>
    <Filter Include="Source Files">
      <UniqueIdentifier>{4FC737F1-C7A5-4376-A066-2A32D752A2FF}</UniqueIdentifier>
      <Extensions>cpp;c;cc;cxx;c++;cppm;ixx;def;odl;idl;hpj;bat;asm;asmx</Extensions>
    </Filter>
    <Filter Include="Header Files">
      <UniqueIdentifier>{93995380-89BD-4b04-88EB-625FBE52EBFB}</UniqueIdentifier>
      <Extensions>h;hh;hpp;hxx;h++;hm;inl;inc;ipp;xsd</Extensions>
    </Filter>
    <Filter Include="Resource Files">
      <UniqueIdentifier>{67DA6AB6-F800-4c08-8B7A-83BB121AAD01}</UniqueIdentifier>
      <Extensions>rc;ico;cur;bmp;dlg;rc2;rct;bin;rgs;gif;jpg;jpeg;jpe;resx;tiff;tif;png;wav;mfcribbon-ms</Extensions>
    </Filter>
  </ItemGroup>
  <ItemGroup>
    <ClInclude Include="Include\Flux\Core\Flux.h">
      <Filter>Header Files</Filter>
    </ClInclude>
    <ClInclude Include="Include\Flux\Core\Interfaces\Formatter.h">
      <Filter>Header Files</Filter>
    </ClInclude>
    <ClInclude Include="Include\Flux\Core\Interfaces\Identifiable.h">
      <Filter>Header Files</Filter>
    </ClInclude>
    <ClInclude Include="Include\Flux\Core\Math.h">
      <Filter>Header Files</Filter>
    </ClInclude>
    <ClInclude Include="Include\Flux\Core\Memory\Allocator.h">
      <Filter>Header Files</Filter>
    </ClInclude>
    <ClInclude Include="Include\Flux\Core\Memory\Allocator.inl">
      <Filter>Header Files</Filter>
    </ClInclude>
    <ClInclude Include="Include\Flux\Core\Memory\Array.h">
      <Filter>Header Files</Filter>
    </ClInclude>
    <ClInclude Include="Include\Flux\Core\Memory\Array.inl">
      <Filter>Header Files</Filter>
    </ClInclude>
    <ClInclude Include="Include\Flux\Core\Memory\Memory.h">
      <Filter>Header Files</Filter>
    </ClInclude>
    <ClInclude Include="Include\Flux\Core\Memory\Memory.inl">
      <Filter>Header Files</Filter>
    </ClInclude>
    <ClInclude Include="Include\Flux\Core\Memory\RefCounter.h">
      <Filter>Header Files</Filter>
    </ClInclude>
    <ClInclude Include="Include\Flux\Core\Memory\SharedPointer.h">
      <Filter>Header Files</Filter>
    </ClInclude>
    <ClInclude Include="Include\Flux\Core\Memory\SharedPointer.inl">
      <Filter>Header Files</Filter>
    </ClInclude>
    <ClInclude Include="Include\Flux\Core\Memory\String.h">
      <Filter>Header Files</Filter>
    </ClInclude>
    <ClInclude Include="Include\Flux\Core\Memory\UniquePointer.h">
      <Filter>Header Files</Filter>
    </ClInclude>
    <ClInclude Include="Include\Flux\Core\Memory\UniquePointer.inl">
      <Filter>Header Files</Filter>
    </ClInclude>
    <ClInclude Include="Include\Flux\Core\Memory\WeakPointer.h">
      <Filter>Header Files</Filter>
    </ClInclude>
    <ClInclude Include="Include\Flux\Core\Memory\WeakPointer.inl">
      <Filter>Header Files</Filter>
    </ClInclude>
    <ClInclude Include="Include\Flux\Core\Tools\Console\ArgumentCommandNode.h">
      <Filter>Header Files</Filter>
    </ClInclude>
    <ClInclude Include="Include\Flux\Core\Tools\Console\CommandContext.h">
      <Filter>Header Files</Filter>
    </ClInclude>
    <ClInclude Include="Include\Flux\Core\Tools\Console\CommandNode.h">
      <Filter>Header Files</Filter>
    </ClInclude>
    <ClInclude Include="Include\Flux\Core\Tools\Console\CommandTree.h">
      <Filter>Header Files</Filter>
    </ClInclude>
    <ClInclude Include="Include\Flux\Core\Tools\Console\Console.h">
      <Filter>Header Files</Filter>
    </ClInclude>
    <ClInclude Include="Include\Flux\Core\Tools\Console\ConsoleTypes.h">
      <Filter>Header Files</Filter>
    </ClInclude>
    <ClInclude Include="Include\Flux\Core\Tools\Console\ExecutableCommandNode.h">
      <Filter>Header Files</Filter>
    </ClInclude>
    <ClInclude Include="Include\Flux\Core\Tools\StackTrace.h">
      <Filter>Header Files</Filter>
    </ClInclude>
    <ClInclude Include="Include\Flux\Core\Utilities\ArrayUtils.h">
      <Filter>Header Files</Filter>
    </ClInclude>
    <ClInclude Include="Include\Flux\Core\Utilities\Random.h">
      <Filter>Header Files</Filter>
    </ClInclude>
    <ClInclude Include="Include\Flux\Core\Utilities\Random.inl">
      <Filter>Header Files</Filter>
    </ClInclude>
  </ItemGroup>
  <ItemGroup>
    <ClCompile Include="Include\Flux\Core\Memory\String.cpp">
      <Filter>Source Files</Filter>
    </ClCompile>
    <ClCompile Include="Source\Flux\Core\Flux.cpp">
      <Filter>Source Files</Filter>
    </ClCompile>
    <ClCompile Include="Source\Flux\Core\Tools\Console\ArgumentCommandNode.cpp">
      <Filter>Source Files</Filter>
    </ClCompile>
    <ClCompile Include="Source\Flux\Core\Tools\Console\CommandContext.cpp">
      <Filter>Source Files</Filter>
    </ClCompile>
    <ClCompile Include="Source\Flux\Core\Tools\Console\CommandNode.cpp">
      <Filter>Source Files</Filter>
    </ClCompile>
    <ClCompile Include="Source\Flux\Core\Tools\Console\CommandTree.cpp">
      <Filter>Source Files</Filter>
    </ClCompile>
    <ClCompile Include="Source\Flux\Core\Tools\Console\Console.cpp">
      <Filter>Source Files</Filter>
    </ClCompile>
    <ClCompile Include="Source\Flux\Core\Tools\Console\ExecutableCommandNode.cpp">
      <Filter>Source Files</Filter>
    </ClCompile>
    <ClCompile Include="Source\Flux\Core\Tools\StackTrace.cpp">
      <Filter>Source Files</Filter>
    </ClCompile>
  </ItemGroup>
</Project>